
Microsoft Visual Studio Solution File, Format Version 11.00
# Visual Studio 2010
Project("{8BC9CEB8-8B4A-11D0-8D11-00A0C91BC942}") = "number guess", "number guess\number guess.vcxproj", "{B99E7008-A3A1-4805-AFB8-5D9A6E44C25B}"
EndProject
Global
	GlobalSection(SolutionConfigurationPlatforms) = preSolution
		Debug|Win32 = Debug|Win32
		Release|Win32 = Release|Win32
	EndGlobalSection
	GlobalSection(ProjectConfigurationPlatforms) = postSolution
		{B99E7008-A3A1-4805-AFB8-5D9A6E44C25B}.Debug|Win32.ActiveCfg = Debug|Win32
		{B99E7008-A3A1-4805-AFB8-5D9A6E44C25B}.Debug|Win32.Build.0 = Debug|Win32
		{B99E7008-A3A1-4805-AFB8-5D9A6E44C25B}.Release|Win32.ActiveCfg = Release|Win32
		{B99E7008-A3A1-4805-AFB8-5D9A6E44C25B}.Release|Win32.Build.0 = Release|Win32
	EndGlobalSection
	GlobalSection(SolutionProperties) = preSolution
		HideSolutionNode = FALSE
	EndGlobalSection
EndGlobal
