
Microsoft Visual Studio Solution File, Format Version 11.00
# Visual Studio 2010
Project("{8BC9CEB8-8B4A-11D0-8D11-00A0C91BC942}") = "prime number", "prime number\prime number.vcxproj", "{B5FAEEC8-FCB0-47EF-9681-A4C4D38DDBD9}"
EndProject
Global
	GlobalSection(SolutionConfigurationPlatforms) = preSolution
		Debug|Win32 = Debug|Win32
		Release|Win32 = Release|Win32
	EndGlobalSection
	GlobalSection(ProjectConfigurationPlatforms) = postSolution
		{B5FAEEC8-FCB0-47EF-9681-A4C4D38DDBD9}.Debug|Win32.ActiveCfg = Debug|Win32
		{B5FAEEC8-FCB0-47EF-9681-A4C4D38DDBD9}.Debug|Win32.Build.0 = Debug|Win32
		{B5FAEEC8-FCB0-47EF-9681-A4C4D38DDBD9}.Release|Win32.ActiveCfg = Release|Win32
		{B5FAEEC8-FCB0-47EF-9681-A4C4D38DDBD9}.Release|Win32.Build.0 = Release|Win32
	EndGlobalSection
	GlobalSection(SolutionProperties) = preSolution
		HideSolutionNode = FALSE
	EndGlobalSection
EndGlobal
