
Microsoft Visual Studio Solution File, Format Version 11.00
# Visual Studio 2010
Project("{8BC9CEB8-8B4A-11D0-8D11-00A0C91BC942}") = "dog class", "dog class\dog class.vcxproj", "{1DD9A2A4-6DE3-4A29-BBC0-8050E0F60B67}"
EndProject
Global
	GlobalSection(SolutionConfigurationPlatforms) = preSolution
		Debug|Win32 = Debug|Win32
		Release|Win32 = Release|Win32
	EndGlobalSection
	GlobalSection(ProjectConfigurationPlatforms) = postSolution
		{1DD9A2A4-6DE3-4A29-BBC0-8050E0F60B67}.Debug|Win32.ActiveCfg = Debug|Win32
		{1DD9A2A4-6DE3-4A29-BBC0-8050E0F60B67}.Debug|Win32.Build.0 = Debug|Win32
		{1DD9A2A4-6DE3-4A29-BBC0-8050E0F60B67}.Release|Win32.ActiveCfg = Release|Win32
		{1DD9A2A4-6DE3-4A29-BBC0-8050E0F60B67}.Release|Win32.Build.0 = Release|Win32
	EndGlobalSection
	GlobalSection(SolutionProperties) = preSolution
		HideSolutionNode = FALSE
	EndGlobalSection
EndGlobal
