
Microsoft Visual Studio Solution File, Format Version 11.00
# Visual Studio 2010
Project("{8BC9CEB8-8B4A-11D0-8D11-00A0C91BC942}") = "compress_matrix", "compress_matrix\compress_matrix.vcxproj", "{AA62A899-94AB-461B-899E-2D39398D2ACE}"
EndProject
Global
	GlobalSection(SolutionConfigurationPlatforms) = preSolution
		Debug|Win32 = Debug|Win32
		Release|Win32 = Release|Win32
	EndGlobalSection
	GlobalSection(ProjectConfigurationPlatforms) = postSolution
		{AA62A899-94AB-461B-899E-2D39398D2ACE}.Debug|Win32.ActiveCfg = Debug|Win32
		{AA62A899-94AB-461B-899E-2D39398D2ACE}.Debug|Win32.Build.0 = Debug|Win32
		{AA62A899-94AB-461B-899E-2D39398D2ACE}.Release|Win32.ActiveCfg = Release|Win32
		{AA62A899-94AB-461B-899E-2D39398D2ACE}.Release|Win32.Build.0 = Release|Win32
	EndGlobalSection
	GlobalSection(SolutionProperties) = preSolution
		HideSolutionNode = FALSE
	EndGlobalSection
EndGlobal
