
Microsoft Visual Studio Solution File, Format Version 11.00
# Visual Studio 2010
Project("{8BC9CEB8-8B4A-11D0-8D11-00A0C91BC942}") = "Menu", "Menu\Menu.vcxproj", "{2D8D6DA1-C48F-4D56-B7EB-BA5CA7E9E587}"
EndProject
Global
	GlobalSection(SolutionConfigurationPlatforms) = preSolution
		Debug|Win32 = Debug|Win32
		Release|Win32 = Release|Win32
	EndGlobalSection
	GlobalSection(ProjectConfigurationPlatforms) = postSolution
		{2D8D6DA1-C48F-4D56-B7EB-BA5CA7E9E587}.Debug|Win32.ActiveCfg = Debug|Win32
		{2D8D6DA1-C48F-4D56-B7EB-BA5CA7E9E587}.Debug|Win32.Build.0 = Debug|Win32
		{2D8D6DA1-C48F-4D56-B7EB-BA5CA7E9E587}.Release|Win32.ActiveCfg = Release|Win32
		{2D8D6DA1-C48F-4D56-B7EB-BA5CA7E9E587}.Release|Win32.Build.0 = Release|Win32
	EndGlobalSection
	GlobalSection(SolutionProperties) = preSolution
		HideSolutionNode = FALSE
	EndGlobalSection
EndGlobal
