
Microsoft Visual Studio Solution File, Format Version 11.00
# Visual Studio 2010
Project("{8BC9CEB8-8B4A-11D0-8D11-00A0C91BC942}") = "tree", "tree\tree.vcxproj", "{9AD59FED-FC11-48B6-A928-92A7CE0D085E}"
EndProject
Global
	GlobalSection(SolutionConfigurationPlatforms) = preSolution
		Debug|Win32 = Debug|Win32
		Release|Win32 = Release|Win32
	EndGlobalSection
	GlobalSection(ProjectConfigurationPlatforms) = postSolution
		{9AD59FED-FC11-48B6-A928-92A7CE0D085E}.Debug|Win32.ActiveCfg = Debug|Win32
		{9AD59FED-FC11-48B6-A928-92A7CE0D085E}.Debug|Win32.Build.0 = Debug|Win32
		{9AD59FED-FC11-48B6-A928-92A7CE0D085E}.Release|Win32.ActiveCfg = Release|Win32
		{9AD59FED-FC11-48B6-A928-92A7CE0D085E}.Release|Win32.Build.0 = Release|Win32
	EndGlobalSection
	GlobalSection(SolutionProperties) = preSolution
		HideSolutionNode = FALSE
	EndGlobalSection
EndGlobal
